
Microsoft Visual Studio Solution File, Format Version 12.00
# Visual Studio Version 17
VisualStudioVersion = 17.11.35303.130
MinimumVisualStudioVersion = 10.0.40219.1
Project("{2150E333-8FDC-42A3-9474-1A3956D46DE8}") = "Task0", "Task0", "{5C3C9978-5BFE-4FD7-A640-DB110E6D185B}"
EndProject
Project("{FAE04EC0-301F-11D3-BF4B-00C04F79EFBC}") = "Tyuiu.BurdovKS.Sprint0.Task0.V0", "Tyuiu.BurdovKS.Sprint0.Task0.V0\Tyuiu.BurdovKS.Sprint0.Task0.V0.csproj", "{A331635A-3E63-4EA6-963C-DB8FB8A9637E}"
EndProject
Project("{2150E333-8FDC-42A3-9474-1A3956D46DE8}") = "Task1", "Task1", "{3D86A42F-5F2F-46DE-931C-0B47D33717CF}"
EndProject
Project("{FAE04EC0-301F-11D3-BF4B-00C04F79EFBC}") = "Tyuiu.BurdovKS.Sprint0.Task1.V0", "Tyuiu.BurdovKS.Sprint0.Task1.V0\Tyuiu.BurdovKS.Sprint0.Task1.V0.csproj", "{2421E766-DE41-4B1D-8CCD-75EDC820AFB7}"
EndProject
Project("{2150E333-8FDC-42A3-9474-1A3956D46DE8}") = "Task2", "Task2", "{CB5047FE-FD17-4F3A-AB91-3D3C459E0754}"
EndProject
Project("{FAE04EC0-301F-11D3-BF4B-00C04F79EFBC}") = "Tyuiu.BurdovKS.Sprint0.Task2.V0", "Tyuiu.BurdovKS.Sprint0.Task2.V0\Tyuiu.BurdovKS.Sprint0.Task2.V0.csproj", "{55B881C9-C543-4CE5-BB3E-06B8B4577580}"
EndProject
Project("{FAE04EC0-301F-11D3-BF4B-00C04F79EFBC}") = "Tyuiu.BurdovKS.Sprint0.Task2.V0.Lib", "Tyuiu.BurdovKS.Sprint0.Task2.V0.Lib\Tyuiu.BurdovKS.Sprint0.Task2.V0.Lib.csproj", "{2CECE6DB-7F58-4BE8-9B2D-0434D2BD9656}"
EndProject
Project("{FAE04EC0-301F-11D3-BF4B-00C04F79EFBC}") = "Tyuiu.BurdovKS.Sprint0.Task2.V0.Test", "Tyuiu.BurdovKS.Sprint0.Task2.V0.Test\Tyuiu.BurdovKS.Sprint0.Task2.V0.Test.csproj", "{A9E83C0D-C606-42DA-ABCB-7EDF8886844C}"
EndProject
Project("{2150E333-8FDC-42A3-9474-1A3956D46DE8}") = "Task3", "Task3", "{FD438326-4FA1-46AF-9EC4-92F84863D475}"
EndProject
Project("{FAE04EC0-301F-11D3-BF4B-00C04F79EFBC}") = "Tyuiu.BurdovKS.Sprint0.Task3.V0", "Tyuiu.BurdovKS.Sprint0.Task3.V0\Tyuiu.BurdovKS.Sprint0.Task3.V0.csproj", "{2DEB043E-4D00-4666-818E-0FFDDE4559D3}"
EndProject
Project("{FAE04EC0-301F-11D3-BF4B-00C04F79EFBC}") = "Tyuiu.BurdovKS.Sprint0.Task3.V0.Lib", "Tyuiu.BurdovKS.Sprint0.Task3.V0.Lib\Tyuiu.BurdovKS.Sprint0.Task3.V0.Lib.csproj", "{1B7B7729-1C49-4A42-A6D8-248D58437952}"
EndProject
Project("{FAE04EC0-301F-11D3-BF4B-00C04F79EFBC}") = "Tyuiu.BurdovKS.Sprint0.Task3.V0.Test", "Tyuiu.BurdovKS.Sprint0.Task3.V0.Test\Tyuiu.BurdovKS.Sprint0.Task3.V0.Test.csproj", "{EF9BBCBA-F453-4C6F-8977-52A8FCC1C041}"
EndProject
Project("{2150E333-8FDC-42A3-9474-1A3956D46DE8}") = "Task4", "Task4", "{EE5B9A0B-86EA-43F4-B752-DD1EADF9E8DF}"
EndProject
Project("{FAE04EC0-301F-11D3-BF4B-00C04F79EFBC}") = "Tyuiu.BurdovKS.Sprint0.Task4.V0", "Tyuiu.BurdovKS.Sprint0.Task4.V0\Tyuiu.BurdovKS.Sprint0.Task4.V0.csproj", "{64A9C19C-7D60-4CDE-8471-16CA70BFEC0C}"
EndProject
Project("{FAE04EC0-301F-11D3-BF4B-00C04F79EFBC}") = "Tyuiu.BurdovKS.Sprint0.Task4.V0.Lib", "Tyuiu.BurdovKS.Sprint0.Task4.V0.Lib\Tyuiu.BurdovKS.Sprint0.Task4.V0.Lib.csproj", "{26BC9F9F-84B7-4160-9052-3FF9BC08572B}"
EndProject
Project("{FAE04EC0-301F-11D3-BF4B-00C04F79EFBC}") = "Tyuiu.BurdovKS.Sprint0.Task4.V0.Test", "Tyuiu.BurdovKS.Sprint0.Task4.V0.Test\Tyuiu.BurdovKS.Sprint0.Task4.V0.Test.csproj", "{E3FC1544-F623-44A7-8009-F76E6A748F31}"
EndProject
Project("{2150E333-8FDC-42A3-9474-1A3956D46DE8}") = "Task5", "Task5", "{AFC4520F-4592-4D55-8B62-73DDC8BCCD57}"
EndProject
Project("{FAE04EC0-301F-11D3-BF4B-00C04F79EFBC}") = "Tyuiu.BurdovKS.Sprint0.Task5.V0", "Tyuiu.BurdovKS.Sprint0.Task5.V0\Tyuiu.BurdovKS.Sprint0.Task5.V0.csproj", "{A8C776A5-B494-47D1-96C2-6511DBF3B292}"
EndProject
Project("{FAE04EC0-301F-11D3-BF4B-00C04F79EFBC}") = "Tyuiu.BurdovKS.Sprint0.Task5.V0.Lib", "Tyuiu.BurdovKS.Sprint0.Task5.V0.Lib\Tyuiu.BurdovKS.Sprint0.Task5.V0.Lib.csproj", "{6F6F625A-6180-4A56-9720-069E2EFD2049}"
EndProject
Project("{FAE04EC0-301F-11D3-BF4B-00C04F79EFBC}") = "Tyuiu.BurdovKS.Sprint0.Task5.V0.Test", "Tyuiu.BurdovKS.Sprint0.Task5.V0.Test\Tyuiu.BurdovKS.Sprint0.Task5.V0.Test.csproj", "{E1AFA4EA-FEED-4BB9-9EBA-36369D34E163}"
EndProject
Project("{2150E333-8FDC-42A3-9474-1A3956D46DE8}") = "Task6", "Task6", "{3D9C371D-6C0D-4CD6-9DB8-E64DE22808FC}"
EndProject
Project("{FAE04EC0-301F-11D3-BF4B-00C04F79EFBC}") = "Tyuiu.BurdovKS.Sprint0.Task6.V0", "Tyuiu.BurdovKS.Sprint0.Task6.V0\Tyuiu.BurdovKS.Sprint0.Task6.V0.csproj", "{F3188485-0CF0-47E4-AF8F-D7E7A6764279}"
EndProject
Project("{FAE04EC0-301F-11D3-BF4B-00C04F79EFBC}") = "Tyuiu.BurdovKS.Sprint0.Task6.V0.Lib", "Tyuiu.BurdovKS.Sprint0.Task6.V0.Lib\Tyuiu.BurdovKS.Sprint0.Task6.V0.Lib.csproj", "{56E045C0-3403-4E4D-81DC-FE240E92A07B}"
EndProject
Project("{FAE04EC0-301F-11D3-BF4B-00C04F79EFBC}") = "Tyuiu.BurdovKS.Sprint0.Task6.V0.Test", "Tyuiu.BurdovKS.Sprint0.Task6.V0.Test\Tyuiu.BurdovKS.Sprint0.Task6.V0.Test.csproj", "{966F1183-7DE0-43ED-AF83-4C70DAC6786D}"
EndProject
Project("{2150E333-8FDC-42A3-9474-1A3956D46DE8}") = "Task7", "Task7", "{75820540-C0CE-4C70-85C8-EFF6291149EB}"
EndProject
Project("{FAE04EC0-301F-11D3-BF4B-00C04F79EFBC}") = "Tyuiu.BurdovKS.Sprint0.Task7.V0", "Tyuiu.BurdovKS.Sprint0.Task7.V0\Tyuiu.BurdovKS.Sprint0.Task7.V0.csproj", "{46ED3F45-9C49-48D2-8A43-C03E53AEB20E}"
EndProject
Project("{FAE04EC0-301F-11D3-BF4B-00C04F79EFBC}") = "Tyuiu.BurdovKS.Sprint0.Task7.V0.Lib", "Tyuiu.BurdovKS.Sprint0.Task7.V0.Lib\Tyuiu.BurdovKS.Sprint0.Task7.V0.Lib.csproj", "{C988A498-B7D4-4AA2-9F11-473C29F06D6E}"
EndProject
Project("{FAE04EC0-301F-11D3-BF4B-00C04F79EFBC}") = "Tyuiu.BurdovKS.Sprint0.Task7.V0.Test", "Tyuiu.BurdovKS.Sprint0.Task7.V0.Test\Tyuiu.BurdovKS.Sprint0.Task7.V0.Test.csproj", "{1D29457D-F8A6-49D5-BA15-CADFA266A94A}"
EndProject
Global
	GlobalSection(SolutionConfigurationPlatforms) = preSolution
		Debug|Any CPU = Debug|Any CPU
		Release|Any CPU = Release|Any CPU
	EndGlobalSection
	GlobalSection(ProjectConfigurationPlatforms) = postSolution
		{A331635A-3E63-4EA6-963C-DB8FB8A9637E}.Debug|Any CPU.ActiveCfg = Debug|Any CPU
		{A331635A-3E63-4EA6-963C-DB8FB8A9637E}.Debug|Any CPU.Build.0 = Debug|Any CPU
		{A331635A-3E63-4EA6-963C-DB8FB8A9637E}.Release|Any CPU.ActiveCfg = Release|Any CPU
		{A331635A-3E63-4EA6-963C-DB8FB8A9637E}.Release|Any CPU.Build.0 = Release|Any CPU
		{2421E766-DE41-4B1D-8CCD-75EDC820AFB7}.Debug|Any CPU.ActiveCfg = Debug|Any CPU
		{2421E766-DE41-4B1D-8CCD-75EDC820AFB7}.Debug|Any CPU.Build.0 = Debug|Any CPU
		{2421E766-DE41-4B1D-8CCD-75EDC820AFB7}.Release|Any CPU.ActiveCfg = Release|Any CPU
		{2421E766-DE41-4B1D-8CCD-75EDC820AFB7}.Release|Any CPU.Build.0 = Release|Any CPU
		{55B881C9-C543-4CE5-BB3E-06B8B4577580}.Debug|Any CPU.ActiveCfg = Debug|Any CPU
		{55B881C9-C543-4CE5-BB3E-06B8B4577580}.Debug|Any CPU.Build.0 = Debug|Any CPU
		{55B881C9-C543-4CE5-BB3E-06B8B4577580}.Release|Any CPU.ActiveCfg = Release|Any CPU
		{55B881C9-C543-4CE5-BB3E-06B8B4577580}.Release|Any CPU.Build.0 = Release|Any CPU
		{2CECE6DB-7F58-4BE8-9B2D-0434D2BD9656}.Debug|Any CPU.ActiveCfg = Debug|Any CPU
		{2CECE6DB-7F58-4BE8-9B2D-0434D2BD9656}.Debug|Any CPU.Build.0 = Debug|Any CPU
		{2CECE6DB-7F58-4BE8-9B2D-0434D2BD9656}.Release|Any CPU.ActiveCfg = Release|Any CPU
		{2CECE6DB-7F58-4BE8-9B2D-0434D2BD9656}.Release|Any CPU.Build.0 = Release|Any CPU
		{A9E83C0D-C606-42DA-ABCB-7EDF8886844C}.Debug|Any CPU.ActiveCfg = Debug|Any CPU
		{A9E83C0D-C606-42DA-ABCB-7EDF8886844C}.Debug|Any CPU.Build.0 = Debug|Any CPU
		{A9E83C0D-C606-42DA-ABCB-7EDF8886844C}.Release|Any CPU.ActiveCfg = Release|Any CPU
		{A9E83C0D-C606-42DA-ABCB-7EDF8886844C}.Release|Any CPU.Build.0 = Release|Any CPU
		{2DEB043E-4D00-4666-818E-0FFDDE4559D3}.Debug|Any CPU.ActiveCfg = Debug|Any CPU
		{2DEB043E-4D00-4666-818E-0FFDDE4559D3}.Debug|Any CPU.Build.0 = Debug|Any CPU
		{2DEB043E-4D00-4666-818E-0FFDDE4559D3}.Release|Any CPU.ActiveCfg = Release|Any CPU
		{2DEB043E-4D00-4666-818E-0FFDDE4559D3}.Release|Any CPU.Build.0 = Release|Any CPU
		{1B7B7729-1C49-4A42-A6D8-248D58437952}.Debug|Any CPU.ActiveCfg = Debug|Any CPU
		{1B7B7729-1C49-4A42-A6D8-248D58437952}.Debug|Any CPU.Build.0 = Debug|Any CPU
		{1B7B7729-1C49-4A42-A6D8-248D58437952}.Release|Any CPU.ActiveCfg = Release|Any CPU
		{1B7B7729-1C49-4A42-A6D8-248D58437952}.Release|Any CPU.Build.0 = Release|Any CPU
		{EF9BBCBA-F453-4C6F-8977-52A8FCC1C041}.Debug|Any CPU.ActiveCfg = Debug|Any CPU
		{EF9BBCBA-F453-4C6F-8977-52A8FCC1C041}.Debug|Any CPU.Build.0 = Debug|Any CPU
		{EF9BBCBA-F453-4C6F-8977-52A8FCC1C041}.Release|Any CPU.ActiveCfg = Release|Any CPU
		{EF9BBCBA-F453-4C6F-8977-52A8FCC1C041}.Release|Any CPU.Build.0 = Release|Any CPU
		{64A9C19C-7D60-4CDE-8471-16CA70BFEC0C}.Debug|Any CPU.ActiveCfg = Debug|Any CPU
		{64A9C19C-7D60-4CDE-8471-16CA70BFEC0C}.Debug|Any CPU.Build.0 = Debug|Any CPU
		{64A9C19C-7D60-4CDE-8471-16CA70BFEC0C}.Release|Any CPU.ActiveCfg = Release|Any CPU
		{64A9C19C-7D60-4CDE-8471-16CA70BFEC0C}.Release|Any CPU.Build.0 = Release|Any CPU
		{26BC9F9F-84B7-4160-9052-3FF9BC08572B}.Debug|Any CPU.ActiveCfg = Debug|Any CPU
		{26BC9F9F-84B7-4160-9052-3FF9BC08572B}.Debug|Any CPU.Build.0 = Debug|Any CPU
		{26BC9F9F-84B7-4160-9052-3FF9BC08572B}.Release|Any CPU.ActiveCfg = Release|Any CPU
		{26BC9F9F-84B7-4160-9052-3FF9BC08572B}.Release|Any CPU.Build.0 = Release|Any CPU
		{E3FC1544-F623-44A7-8009-F76E6A748F31}.Debug|Any CPU.ActiveCfg = Debug|Any CPU
		{E3FC1544-F623-44A7-8009-F76E6A748F31}.Debug|Any CPU.Build.0 = Debug|Any CPU
		{E3FC1544-F623-44A7-8009-F76E6A748F31}.Release|Any CPU.ActiveCfg = Release|Any CPU
		{E3FC1544-F623-44A7-8009-F76E6A748F31}.Release|Any CPU.Build.0 = Release|Any CPU
		{A8C776A5-B494-47D1-96C2-6511DBF3B292}.Debug|Any CPU.ActiveCfg = Debug|Any CPU
		{A8C776A5-B494-47D1-96C2-6511DBF3B292}.Debug|Any CPU.Build.0 = Debug|Any CPU
		{A8C776A5-B494-47D1-96C2-6511DBF3B292}.Release|Any CPU.ActiveCfg = Release|Any CPU
		{A8C776A5-B494-47D1-96C2-6511DBF3B292}.Release|Any CPU.Build.0 = Release|Any CPU
		{6F6F625A-6180-4A56-9720-069E2EFD2049}.Debug|Any CPU.ActiveCfg = Debug|Any CPU
		{6F6F625A-6180-4A56-9720-069E2EFD2049}.Debug|Any CPU.Build.0 = Debug|Any CPU
		{6F6F625A-6180-4A56-9720-069E2EFD2049}.Release|Any CPU.ActiveCfg = Release|Any CPU
		{6F6F625A-6180-4A56-9720-069E2EFD2049}.Release|Any CPU.Build.0 = Release|Any CPU
		{E1AFA4EA-FEED-4BB9-9EBA-36369D34E163}.Debug|Any CPU.ActiveCfg = Debug|Any CPU
		{E1AFA4EA-FEED-4BB9-9EBA-36369D34E163}.Debug|Any CPU.Build.0 = Debug|Any CPU
		{E1AFA4EA-FEED-4BB9-9EBA-36369D34E163}.Release|Any CPU.ActiveCfg = Release|Any CPU
		{E1AFA4EA-FEED-4BB9-9EBA-36369D34E163}.Release|Any CPU.Build.0 = Release|Any CPU
		{F3188485-0CF0-47E4-AF8F-D7E7A6764279}.Debug|Any CPU.ActiveCfg = Debug|Any CPU
		{F3188485-0CF0-47E4-AF8F-D7E7A6764279}.Debug|Any CPU.Build.0 = Debug|Any CPU
		{F3188485-0CF0-47E4-AF8F-D7E7A6764279}.Release|Any CPU.ActiveCfg = Release|Any CPU
		{F3188485-0CF0-47E4-AF8F-D7E7A6764279}.Release|Any CPU.Build.0 = Release|Any CPU
		{56E045C0-3403-4E4D-81DC-FE240E92A07B}.Debug|Any CPU.ActiveCfg = Debug|Any CPU
		{56E045C0-3403-4E4D-81DC-FE240E92A07B}.Debug|Any CPU.Build.0 = Debug|Any CPU
		{56E045C0-3403-4E4D-81DC-FE240E92A07B}.Release|Any CPU.ActiveCfg = Release|Any CPU
		{56E045C0-3403-4E4D-81DC-FE240E92A07B}.Release|Any CPU.Build.0 = Release|Any CPU
		{966F1183-7DE0-43ED-AF83-4C70DAC6786D}.Debug|Any CPU.ActiveCfg = Debug|Any CPU
		{966F1183-7DE0-43ED-AF83-4C70DAC6786D}.Debug|Any CPU.Build.0 = Debug|Any CPU
		{966F1183-7DE0-43ED-AF83-4C70DAC6786D}.Release|Any CPU.ActiveCfg = Release|Any CPU
		{966F1183-7DE0-43ED-AF83-4C70DAC6786D}.Release|Any CPU.Build.0 = Release|Any CPU
		{46ED3F45-9C49-48D2-8A43-C03E53AEB20E}.Debug|Any CPU.ActiveCfg = Debug|Any CPU
		{46ED3F45-9C49-48D2-8A43-C03E53AEB20E}.Debug|Any CPU.Build.0 = Debug|Any CPU
		{46ED3F45-9C49-48D2-8A43-C03E53AEB20E}.Release|Any CPU.ActiveCfg = Release|Any CPU
		{46ED3F45-9C49-48D2-8A43-C03E53AEB20E}.Release|Any CPU.Build.0 = Release|Any CPU
		{C988A498-B7D4-4AA2-9F11-473C29F06D6E}.Debug|Any CPU.ActiveCfg = Debug|Any CPU
		{C988A498-B7D4-4AA2-9F11-473C29F06D6E}.Debug|Any CPU.Build.0 = Debug|Any CPU
		{C988A498-B7D4-4AA2-9F11-473C29F06D6E}.Release|Any CPU.ActiveCfg = Release|Any CPU
		{C988A498-B7D4-4AA2-9F11-473C29F06D6E}.Release|Any CPU.Build.0 = Release|Any CPU
		{1D29457D-F8A6-49D5-BA15-CADFA266A94A}.Debug|Any CPU.ActiveCfg = Debug|Any CPU
		{1D29457D-F8A6-49D5-BA15-CADFA266A94A}.Debug|Any CPU.Build.0 = Debug|Any CPU
		{1D29457D-F8A6-49D5-BA15-CADFA266A94A}.Release|Any CPU.ActiveCfg = Release|Any CPU
		{1D29457D-F8A6-49D5-BA15-CADFA266A94A}.Release|Any CPU.Build.0 = Release|Any CPU
	EndGlobalSection
	GlobalSection(SolutionProperties) = preSolution
		HideSolutionNode = FALSE
	EndGlobalSection
	GlobalSection(NestedProjects) = preSolution
		{A331635A-3E63-4EA6-963C-DB8FB8A9637E} = {5C3C9978-5BFE-4FD7-A640-DB110E6D185B}
		{2421E766-DE41-4B1D-8CCD-75EDC820AFB7} = {3D86A42F-5F2F-46DE-931C-0B47D33717CF}
		{55B881C9-C543-4CE5-BB3E-06B8B4577580} = {CB5047FE-FD17-4F3A-AB91-3D3C459E0754}
		{2CECE6DB-7F58-4BE8-9B2D-0434D2BD9656} = {CB5047FE-FD17-4F3A-AB91-3D3C459E0754}
		{A9E83C0D-C606-42DA-ABCB-7EDF8886844C} = {CB5047FE-FD17-4F3A-AB91-3D3C459E0754}
		{2DEB043E-4D00-4666-818E-0FFDDE4559D3} = {FD438326-4FA1-46AF-9EC4-92F84863D475}
		{1B7B7729-1C49-4A42-A6D8-248D58437952} = {FD438326-4FA1-46AF-9EC4-92F84863D475}
		{EF9BBCBA-F453-4C6F-8977-52A8FCC1C041} = {FD438326-4FA1-46AF-9EC4-92F84863D475}
		{64A9C19C-7D60-4CDE-8471-16CA70BFEC0C} = {EE5B9A0B-86EA-43F4-B752-DD1EADF9E8DF}
		{26BC9F9F-84B7-4160-9052-3FF9BC08572B} = {EE5B9A0B-86EA-43F4-B752-DD1EADF9E8DF}
		{E3FC1544-F623-44A7-8009-F76E6A748F31} = {EE5B9A0B-86EA-43F4-B752-DD1EADF9E8DF}
		{A8C776A5-B494-47D1-96C2-6511DBF3B292} = {AFC4520F-4592-4D55-8B62-73DDC8BCCD57}
		{6F6F625A-6180-4A56-9720-069E2EFD2049} = {AFC4520F-4592-4D55-8B62-73DDC8BCCD57}
		{E1AFA4EA-FEED-4BB9-9EBA-36369D34E163} = {AFC4520F-4592-4D55-8B62-73DDC8BCCD57}
		{F3188485-0CF0-47E4-AF8F-D7E7A6764279} = {3D9C371D-6C0D-4CD6-9DB8-E64DE22808FC}
		{56E045C0-3403-4E4D-81DC-FE240E92A07B} = {3D9C371D-6C0D-4CD6-9DB8-E64DE22808FC}
		{966F1183-7DE0-43ED-AF83-4C70DAC6786D} = {3D9C371D-6C0D-4CD6-9DB8-E64DE22808FC}
		{46ED3F45-9C49-48D2-8A43-C03E53AEB20E} = {75820540-C0CE-4C70-85C8-EFF6291149EB}
		{C988A498-B7D4-4AA2-9F11-473C29F06D6E} = {75820540-C0CE-4C70-85C8-EFF6291149EB}
		{1D29457D-F8A6-49D5-BA15-CADFA266A94A} = {75820540-C0CE-4C70-85C8-EFF6291149EB}
	EndGlobalSection
	GlobalSection(ExtensibilityGlobals) = postSolution
		SolutionGuid = {AD501DAA-072F-4537-857A-D94D58B890A6}
	EndGlobalSection
EndGlobal
