
Microsoft Visual Studio Solution File, Format Version 12.00
# Visual Studio Version 17
VisualStudioVersion = 17.11.35303.130
MinimumVisualStudioVersion = 10.0.40219.1
Project("{2150E333-8FDC-42A3-9474-1A3956D46DE8}") = "Task0", "Task0", "{5C3C9978-5BFE-4FD7-A640-DB110E6D185B}"
EndProject
Project("{FAE04EC0-301F-11D3-BF4B-00C04F79EFBC}") = "Tyuiu.BurdovKS.Sprint0.Task0.V0", "Tyuiu.BurdovKS.Sprint0.Task0.V0\Tyuiu.BurdovKS.Sprint0.Task0.V0.csproj", "{A331635A-3E63-4EA6-963C-DB8FB8A9637E}"
EndProject
Global
	GlobalSection(SolutionConfigurationPlatforms) = preSolution
		Debug|Any CPU = Debug|Any CPU
		Release|Any CPU = Release|Any CPU
	EndGlobalSection
	GlobalSection(ProjectConfigurationPlatforms) = postSolution
		{A331635A-3E63-4EA6-963C-DB8FB8A9637E}.Debug|Any CPU.ActiveCfg = Debug|Any CPU
		{A331635A-3E63-4EA6-963C-DB8FB8A9637E}.Debug|Any CPU.Build.0 = Debug|Any CPU
		{A331635A-3E63-4EA6-963C-DB8FB8A9637E}.Release|Any CPU.ActiveCfg = Release|Any CPU
		{A331635A-3E63-4EA6-963C-DB8FB8A9637E}.Release|Any CPU.Build.0 = Release|Any CPU
	EndGlobalSection
	GlobalSection(SolutionProperties) = preSolution
		HideSolutionNode = FALSE
	EndGlobalSection
	GlobalSection(NestedProjects) = preSolution
		{A331635A-3E63-4EA6-963C-DB8FB8A9637E} = {5C3C9978-5BFE-4FD7-A640-DB110E6D185B}
	EndGlobalSection
	GlobalSection(ExtensibilityGlobals) = postSolution
		SolutionGuid = {AD501DAA-072F-4537-857A-D94D58B890A6}
	EndGlobalSection
EndGlobal
